
Microsoft Visual Studio Solution File, Format Version 12.00
# Visual Studio 15
VisualStudioVersion = 15.0.28307.1267
MinimumVisualStudioVersion = 10.0.40219.1
Project("{FAE04EC0-301F-11D3-BF4B-00C04F79EFBC}") = "ServiceRest_038_Erwin Santosa", "ServiceRest_038_Erwin Santosa\ServiceRest_038_Erwin Santosa.csproj", "{D0300B7A-843C-4FC6-99D9-F88899D4AB10}"
EndProject
Global
	GlobalSection(SolutionConfigurationPlatforms) = preSolution
		Debug|Any CPU = Debug|Any CPU
		Release|Any CPU = Release|Any CPU
	EndGlobalSection
	GlobalSection(ProjectConfigurationPlatforms) = postSolution
		{D0300B7A-843C-4FC6-99D9-F88899D4AB10}.Debug|Any CPU.ActiveCfg = Debug|Any CPU
		{D0300B7A-843C-4FC6-99D9-F88899D4AB10}.Debug|Any CPU.Build.0 = Debug|Any CPU
		{D0300B7A-843C-4FC6-99D9-F88899D4AB10}.Release|Any CPU.ActiveCfg = Release|Any CPU
		{D0300B7A-843C-4FC6-99D9-F88899D4AB10}.Release|Any CPU.Build.0 = Release|Any CPU
	EndGlobalSection
	GlobalSection(SolutionProperties) = preSolution
		HideSolutionNode = FALSE
	EndGlobalSection
	GlobalSection(ExtensibilityGlobals) = postSolution
		SolutionGuid = {2F3CB5C2-9476-43A9-8A43-E2628EDA5001}
	EndGlobalSection
EndGlobal
